
Microsoft Visual Studio Solution File, Format Version 12.00
# Visual Studio Version 16
VisualStudioVersion = 16.0.33214.272
MinimumVisualStudioVersion = 10.0.40219.1
Project("{FAE04EC0-301F-11D3-BF4B-00C04F79EFBC}") = "27.03hm1", "27.03hm1\27.03hm1.csproj", "{EA35958B-5536-4309-9F0E-2BA005925A4B}"
EndProject
Global
	GlobalSection(SolutionConfigurationPlatforms) = preSolution
		Debug|Any CPU = Debug|Any CPU
		Release|Any CPU = Release|Any CPU
	EndGlobalSection
	GlobalSection(ProjectConfigurationPlatforms) = postSolution
		{EA35958B-5536-4309-9F0E-2BA005925A4B}.Debug|Any CPU.ActiveCfg = Debug|Any CPU
		{EA35958B-5536-4309-9F0E-2BA005925A4B}.Debug|Any CPU.Build.0 = Debug|Any CPU
		{EA35958B-5536-4309-9F0E-2BA005925A4B}.Release|Any CPU.ActiveCfg = Release|Any CPU
		{EA35958B-5536-4309-9F0E-2BA005925A4B}.Release|Any CPU.Build.0 = Release|Any CPU
	EndGlobalSection
	GlobalSection(SolutionProperties) = preSolution
		HideSolutionNode = FALSE
	EndGlobalSection
	GlobalSection(ExtensibilityGlobals) = postSolution
		SolutionGuid = {101C65C2-2B80-45F7-BD58-DA56999791DD}
	EndGlobalSection
EndGlobal
